
Microsoft Visual Studio Solution File, Format Version 12.00
# Visual Studio Version 16
VisualStudioVersion = 16.0.29519.181
MinimumVisualStudioVersion = 10.0.40219.1
Project("{9A19103F-16F7-4668-BE54-9A1E7A4F7556}") = "TenantMiddleware", "dvelop-sdk-tenant\TenantMiddleware\TenantMiddleware.csproj", "{424EF82A-3128-4678-94B6-D8C94F70141F}"
EndProject
Project("{2150E333-8FDC-42A3-9474-1A3956D46DE8}") = "dvelop-sdk-tenant", "dvelop-sdk-tenant", "{D65EB178-40EE-4186-8BA9-EE973CD22A11}"
EndProject
Project("{9A19103F-16F7-4668-BE54-9A1E7A4F7556}") = "TenantMiddleware.UnitTest", "dvelop-sdk-tenant\TenantMiddleware.UnitTest\TenantMiddleware.UnitTest.csproj", "{BFC9D26F-9D3B-4729-A6B9-F654848C3ADC}"
EndProject
Project("{2150E333-8FDC-42A3-9474-1A3956D46DE8}") = "dvelop-sdk-all", "dvelop-sdk-all", "{D6C592F6-75BA-4B88-BDFF-DD3F3B59C437}"
EndProject
Project("{9A19103F-16F7-4668-BE54-9A1E7A4F7556}") = "DvelopSdk", "dvelop-sdk-all\DvelopSdk.csproj", "{26B337F8-A71A-4F70-B3CD-E53251F63539}"
EndProject
Project("{2150E333-8FDC-42A3-9474-1A3956D46DE8}") = "Solution Items", "Solution Items", "{7B59F5FC-9F31-4F7D-B594-0270421389E5}"
	ProjectSection(SolutionItems) = preProject
		.travis.yml = .travis.yml
		travis\deploy.sh = travis\deploy.sh
		README.md = README.md
	EndProjectSection
EndProject
Project("{2150E333-8FDC-42A3-9474-1A3956D46DE8}") = "dvelop-sdk-config", "dvelop-sdk-config", "{7DE66CAF-5879-447A-B24A-D028B850930D}"
EndProject
Project("{9A19103F-16F7-4668-BE54-9A1E7A4F7556}") = "ConfigDtos", "dvelop-sdk-config\ConfigDtos\ConfigDtos.csproj", "{FEB1232C-C976-4E7E-9792-7EB78FCFBAAF}"
EndProject
Project("{2150E333-8FDC-42A3-9474-1A3956D46DE8}") = "dvelop-sdk-base", "dvelop-sdk-base", "{F992A8F0-E3DA-4ABF-9817-7663F66852EB}"
EndProject
Project("{9A19103F-16F7-4668-BE54-9A1E7A4F7556}") = "BaseDtos", "dvelop-sdk-base\BaseDtos\BaseDtos.csproj", "{FD69FF55-33C3-4EE3-8230-697A59439029}"
EndProject
Project("{9A19103F-16F7-4668-BE54-9A1E7A4F7556}") = "HomeDtos", "dvelop-sdk-home\HomeDtos\HomeDtos.csproj", "{748C3C4B-4230-4A09-A478-4141CC9CEBD8}"
EndProject
Project("{2150E333-8FDC-42A3-9474-1A3956D46DE8}") = "dvelop-sdk-home", "dvelop-sdk-home", "{B85EB925-208C-4FD6-BC8A-7F3652533DA0}"
EndProject
Project("{2150E333-8FDC-42A3-9474-1A3956D46DE8}") = "dvelop-sdk-identityprovider", "dvelop-sdk-identityprovider", "{FCF090E3-7025-463B-A453-A8501538F4CB}"
EndProject
Project("{9A19103F-16F7-4668-BE54-9A1E7A4F7556}") = "IdentityProviderDtos", "dvelop-sdk-identityprovider\IdentityProviderDtos\IdentityProviderDtos.csproj", "{DC75E76E-24B2-464A-BD00-FE3FD9BE6E5C}"
EndProject
Project("{9A19103F-16F7-4668-BE54-9A1E7A4F7556}") = "IdentityProviderClient", "dvelop-sdk-identityprovider\IdentityProviderClient\IdentityProviderClient.csproj", "{7DE4122C-9912-4873-9282-EAB61813A206}"
EndProject
Project("{9A19103F-16F7-4668-BE54-9A1E7A4F7556}") = "IdentityProviderMiddleware", "dvelop-sdk-identityprovider\IdentityProviderMiddleware\IdentityProviderMiddleware.csproj", "{E7ABBF92-ACFB-4B74-ACE0-771CD598BE66}"
EndProject
Project("{9A19103F-16F7-4668-BE54-9A1E7A4F7556}") = "IdentityProviderMiddleware.UnitTest", "dvelop-sdk-identityprovider\IdentityProviderMiddleware.UnitTest\IdentityProviderMiddleware.UnitTest.csproj", "{CE1AAD0D-7893-4180-ACB6-017880225D42}"
EndProject
Global
	GlobalSection(SolutionConfigurationPlatforms) = preSolution
		Debug|Any CPU = Debug|Any CPU
		Release|Any CPU = Release|Any CPU
	EndGlobalSection
	GlobalSection(ProjectConfigurationPlatforms) = postSolution
		{424EF82A-3128-4678-94B6-D8C94F70141F}.Debug|Any CPU.ActiveCfg = Debug|Any CPU
		{424EF82A-3128-4678-94B6-D8C94F70141F}.Debug|Any CPU.Build.0 = Debug|Any CPU
		{424EF82A-3128-4678-94B6-D8C94F70141F}.Release|Any CPU.ActiveCfg = Release|Any CPU
		{424EF82A-3128-4678-94B6-D8C94F70141F}.Release|Any CPU.Build.0 = Release|Any CPU
		{BFC9D26F-9D3B-4729-A6B9-F654848C3ADC}.Debug|Any CPU.ActiveCfg = Debug|Any CPU
		{BFC9D26F-9D3B-4729-A6B9-F654848C3ADC}.Debug|Any CPU.Build.0 = Debug|Any CPU
		{BFC9D26F-9D3B-4729-A6B9-F654848C3ADC}.Release|Any CPU.ActiveCfg = Release|Any CPU
		{BFC9D26F-9D3B-4729-A6B9-F654848C3ADC}.Release|Any CPU.Build.0 = Release|Any CPU
		{26B337F8-A71A-4F70-B3CD-E53251F63539}.Debug|Any CPU.ActiveCfg = Debug|Any CPU
		{26B337F8-A71A-4F70-B3CD-E53251F63539}.Debug|Any CPU.Build.0 = Debug|Any CPU
		{26B337F8-A71A-4F70-B3CD-E53251F63539}.Release|Any CPU.ActiveCfg = Release|Any CPU
		{26B337F8-A71A-4F70-B3CD-E53251F63539}.Release|Any CPU.Build.0 = Release|Any CPU
		{FEB1232C-C976-4E7E-9792-7EB78FCFBAAF}.Debug|Any CPU.ActiveCfg = Debug|Any CPU
		{FEB1232C-C976-4E7E-9792-7EB78FCFBAAF}.Debug|Any CPU.Build.0 = Debug|Any CPU
		{FEB1232C-C976-4E7E-9792-7EB78FCFBAAF}.Release|Any CPU.ActiveCfg = Release|Any CPU
		{FEB1232C-C976-4E7E-9792-7EB78FCFBAAF}.Release|Any CPU.Build.0 = Release|Any CPU
		{FD69FF55-33C3-4EE3-8230-697A59439029}.Debug|Any CPU.ActiveCfg = Debug|Any CPU
		{FD69FF55-33C3-4EE3-8230-697A59439029}.Debug|Any CPU.Build.0 = Debug|Any CPU
		{FD69FF55-33C3-4EE3-8230-697A59439029}.Release|Any CPU.ActiveCfg = Release|Any CPU
		{FD69FF55-33C3-4EE3-8230-697A59439029}.Release|Any CPU.Build.0 = Release|Any CPU
		{748C3C4B-4230-4A09-A478-4141CC9CEBD8}.Debug|Any CPU.ActiveCfg = Debug|Any CPU
		{748C3C4B-4230-4A09-A478-4141CC9CEBD8}.Debug|Any CPU.Build.0 = Debug|Any CPU
		{748C3C4B-4230-4A09-A478-4141CC9CEBD8}.Release|Any CPU.ActiveCfg = Release|Any CPU
		{748C3C4B-4230-4A09-A478-4141CC9CEBD8}.Release|Any CPU.Build.0 = Release|Any CPU
		{DC75E76E-24B2-464A-BD00-FE3FD9BE6E5C}.Debug|Any CPU.ActiveCfg = Debug|Any CPU
		{DC75E76E-24B2-464A-BD00-FE3FD9BE6E5C}.Debug|Any CPU.Build.0 = Debug|Any CPU
		{DC75E76E-24B2-464A-BD00-FE3FD9BE6E5C}.Release|Any CPU.ActiveCfg = Release|Any CPU
		{DC75E76E-24B2-464A-BD00-FE3FD9BE6E5C}.Release|Any CPU.Build.0 = Release|Any CPU
		{7DE4122C-9912-4873-9282-EAB61813A206}.Debug|Any CPU.ActiveCfg = Debug|Any CPU
		{7DE4122C-9912-4873-9282-EAB61813A206}.Debug|Any CPU.Build.0 = Debug|Any CPU
		{7DE4122C-9912-4873-9282-EAB61813A206}.Release|Any CPU.ActiveCfg = Release|Any CPU
		{7DE4122C-9912-4873-9282-EAB61813A206}.Release|Any CPU.Build.0 = Release|Any CPU
		{E7ABBF92-ACFB-4B74-ACE0-771CD598BE66}.Debug|Any CPU.ActiveCfg = Debug|Any CPU
		{E7ABBF92-ACFB-4B74-ACE0-771CD598BE66}.Debug|Any CPU.Build.0 = Debug|Any CPU
		{E7ABBF92-ACFB-4B74-ACE0-771CD598BE66}.Release|Any CPU.ActiveCfg = Release|Any CPU
		{E7ABBF92-ACFB-4B74-ACE0-771CD598BE66}.Release|Any CPU.Build.0 = Release|Any CPU
		{CE1AAD0D-7893-4180-ACB6-017880225D42}.Debug|Any CPU.ActiveCfg = Debug|Any CPU
		{CE1AAD0D-7893-4180-ACB6-017880225D42}.Debug|Any CPU.Build.0 = Debug|Any CPU
		{CE1AAD0D-7893-4180-ACB6-017880225D42}.Release|Any CPU.ActiveCfg = Release|Any CPU
		{CE1AAD0D-7893-4180-ACB6-017880225D42}.Release|Any CPU.Build.0 = Release|Any CPU
	EndGlobalSection
	GlobalSection(SolutionProperties) = preSolution
		HideSolutionNode = FALSE
	EndGlobalSection
	GlobalSection(NestedProjects) = preSolution
		{424EF82A-3128-4678-94B6-D8C94F70141F} = {D65EB178-40EE-4186-8BA9-EE973CD22A11}
		{BFC9D26F-9D3B-4729-A6B9-F654848C3ADC} = {D65EB178-40EE-4186-8BA9-EE973CD22A11}
		{26B337F8-A71A-4F70-B3CD-E53251F63539} = {D6C592F6-75BA-4B88-BDFF-DD3F3B59C437}
		{FEB1232C-C976-4E7E-9792-7EB78FCFBAAF} = {7DE66CAF-5879-447A-B24A-D028B850930D}
		{FD69FF55-33C3-4EE3-8230-697A59439029} = {F992A8F0-E3DA-4ABF-9817-7663F66852EB}
		{748C3C4B-4230-4A09-A478-4141CC9CEBD8} = {B85EB925-208C-4FD6-BC8A-7F3652533DA0}
		{DC75E76E-24B2-464A-BD00-FE3FD9BE6E5C} = {FCF090E3-7025-463B-A453-A8501538F4CB}
		{7DE4122C-9912-4873-9282-EAB61813A206} = {FCF090E3-7025-463B-A453-A8501538F4CB}
		{E7ABBF92-ACFB-4B74-ACE0-771CD598BE66} = {FCF090E3-7025-463B-A453-A8501538F4CB}
		{CE1AAD0D-7893-4180-ACB6-017880225D42} = {FCF090E3-7025-463B-A453-A8501538F4CB}
	EndGlobalSection
	GlobalSection(ExtensibilityGlobals) = postSolution
		SolutionGuid = {DE71353A-0FC5-4E2E-9DB1-4E09961F1201}
	EndGlobalSection
EndGlobal
