
Microsoft Visual Studio Solution File, Format Version 12.00
# Visual Studio Version 16
VisualStudioVersion = 16.0.29519.181
MinimumVisualStudioVersion = 10.0.40219.1
Project("{9A19103F-16F7-4668-BE54-9A1E7A4F7556}") = "TenantMiddleware", "dvelop-sdk-tenant\TenantMiddleware\TenantMiddleware.csproj", "{424EF82A-3128-4678-94B6-D8C94F70141F}"
EndProject
Project("{2150E333-8FDC-42A3-9474-1A3956D46DE8}") = "dvelop-sdk-tenant", "dvelop-sdk-tenant", "{D65EB178-40EE-4186-8BA9-EE973CD22A11}"
EndProject
Project("{9A19103F-16F7-4668-BE54-9A1E7A4F7556}") = "TenantMiddleware.UnitTest", "dvelop-sdk-tenant\TenantMiddleware.UnitTest\TenantMiddleware.UnitTest.csproj", "{BFC9D26F-9D3B-4729-A6B9-F654848C3ADC}"
EndProject
Project("{2150E333-8FDC-42A3-9474-1A3956D46DE8}") = "dvelop-sdk-all", "dvelop-sdk-all", "{D6C592F6-75BA-4B88-BDFF-DD3F3B59C437}"
EndProject
Project("{9A19103F-16F7-4668-BE54-9A1E7A4F7556}") = "DvelopSdk", "dvelop-sdk-all\DvelopSdk.csproj", "{26B337F8-A71A-4F70-B3CD-E53251F63539}"
EndProject
Project("{2150E333-8FDC-42A3-9474-1A3956D46DE8}") = "Solution Items", "Solution Items", "{7B59F5FC-9F31-4F7D-B594-0270421389E5}"
	ProjectSection(SolutionItems) = preProject
		.travis.yml = .travis.yml
		travis\deploy.sh = travis\deploy.sh
		README.md = README.md
	EndProjectSection
EndProject
Project("{2150E333-8FDC-42A3-9474-1A3956D46DE8}") = "dvelop-sdk-config", "dvelop-sdk-config", "{7DE66CAF-5879-447A-B24A-D028B850930D}"
EndProject
Project("{9A19103F-16F7-4668-BE54-9A1E7A4F7556}") = "ConfigDtos", "dvelop-sdk-config\ConfigDtos\ConfigDtos.csproj", "{FEB1232C-C976-4E7E-9792-7EB78FCFBAAF}"
EndProject
Project("{2150E333-8FDC-42A3-9474-1A3956D46DE8}") = "dvelop-sdk-base", "dvelop-sdk-base", "{F992A8F0-E3DA-4ABF-9817-7663F66852EB}"
EndProject
Project("{9A19103F-16F7-4668-BE54-9A1E7A4F7556}") = "BaseDtos", "dvelop-sdk-base\BaseDtos\BaseDtos.csproj", "{FD69FF55-33C3-4EE3-8230-697A59439029}"
EndProject
Project("{9A19103F-16F7-4668-BE54-9A1E7A4F7556}") = "HomeDtos", "dvelop-sdk-home\HomeDtos\HomeDtos.csproj", "{748C3C4B-4230-4A09-A478-4141CC9CEBD8}"
EndProject
Project("{2150E333-8FDC-42A3-9474-1A3956D46DE8}") = "dvelop-sdk-home", "dvelop-sdk-home", "{B85EB925-208C-4FD6-BC8A-7F3652533DA0}"
EndProject
Project("{2150E333-8FDC-42A3-9474-1A3956D46DE8}") = "dvelop-sdk-identityprovider", "dvelop-sdk-identityprovider", "{FCF090E3-7025-463B-A453-A8501538F4CB}"
EndProject
Project("{9A19103F-16F7-4668-BE54-9A1E7A4F7556}") = "IdentityProviderDtos", "dvelop-sdk-identityprovider\IdentityProviderDtos\IdentityProviderDtos.csproj", "{DC75E76E-24B2-464A-BD00-FE3FD9BE6E5C}"
EndProject
Project("{9A19103F-16F7-4668-BE54-9A1E7A4F7556}") = "IdentityProviderClient", "dvelop-sdk-identityprovider\IdentityProviderClient\IdentityProviderClient.csproj", "{7DE4122C-9912-4873-9282-EAB61813A206}"
EndProject
Project("{9A19103F-16F7-4668-BE54-9A1E7A4F7556}") = "IdentityProviderMiddleware", "dvelop-sdk-identityprovider\IdentityProviderMiddleware\IdentityProviderMiddleware.csproj", "{E7ABBF92-ACFB-4B74-ACE0-771CD598BE66}"
EndProject
Project("{9A19103F-16F7-4668-BE54-9A1E7A4F7556}") = "IdentityProviderMiddleware.UnitTest", "dvelop-sdk-identityprovider\IdentityProviderMiddleware.UnitTest\IdentityProviderMiddleware.UnitTest.csproj", "{CE1AAD0D-7893-4180-ACB6-017880225D42}"
EndProject
Project("{9A19103F-16F7-4668-BE54-9A1E7A4F7556}") = "CloudCenterDtos", "dvelop-sdk-cloudcenter\CloudCenterDtos\CloudCenterDtos.csproj", "{37584BC8-4E87-4CF6-8835-A0F1652ED5A4}"
EndProject
Project("{2150E333-8FDC-42A3-9474-1A3956D46DE8}") = "dvelop-sdk-cloudcenter", "dvelop-sdk-cloudcenter", "{6DC7D1A5-930C-4845-A438-036C6E34D5F0}"
EndProject
Project("{2150E333-8FDC-42A3-9474-1A3956D46DE8}") = "dvelop-sdk-signing", "dvelop-sdk-signing", "{7711478E-8FB4-4D04-92BF-2B8793182418}"
	ProjectSection(SolutionItems) = preProject
		dvelop-sdk-logging\ReadMe.md = dvelop-sdk-logging\ReadMe.md
	EndProjectSection
EndProject
Project("{9A19103F-16F7-4668-BE54-9A1E7A4F7556}") = "SigningAlgorithms", "dvelop-sdk-signing\SigningAlgorithms\SigningAlgorithms.csproj", "{C4BD4C67-FD27-4EBF-9CC8-8F57BF9F8093}"
EndProject
Project("{9A19103F-16F7-4668-BE54-9A1E7A4F7556}") = "SigningAlgorithms.UnitTest", "dvelop-sdk-signing\SigningAlgorithms.UnitTest\SigningAlgorithms.UnitTest.csproj", "{97C9A704-9406-457D-9B36-F153082F80A2}"
EndProject
Project("{9A19103F-16F7-4668-BE54-9A1E7A4F7556}") = "WebApiExtensions", "dvelop-sdk-webapi\WebApiExtensions\WebApiExtensions.csproj", "{05D66A40-3623-43A8-8E15-E2925A05BA35}"
EndProject
Project("{2150E333-8FDC-42A3-9474-1A3956D46DE8}") = "dvelop-sdk-webapi", "dvelop-sdk-webapi", "{367824B2-45D8-4A8E-A252-966C9570CAD1}"
EndProject
Project("{9A19103F-16F7-4668-BE54-9A1E7A4F7556}") = "WebApiExtensions.UnitTest", "dvelop-sdk-webapi\WebApiExtensions.UnitTest\WebApiExtensions.UnitTest.csproj", "{5BB555EE-94D2-4A7D-BFCF-28F8275EF3C4}"
	ProjectSection(ProjectDependencies) = postProject
		{C4BD4C67-FD27-4EBF-9CC8-8F57BF9F8093} = {C4BD4C67-FD27-4EBF-9CC8-8F57BF9F8093}
	EndProjectSection
EndProject
Project("{9A19103F-16F7-4668-BE54-9A1E7A4F7556}") = "HttpClientExtensions", "dvelop-sdk-httpclientextensions\HttpClientExtensions\HttpClientExtensions.csproj", "{D08E3179-5021-421E-AA65-42CB35B0DAA4}"
EndProject
Project("{2150E333-8FDC-42A3-9474-1A3956D46DE8}") = "dvelop-sdk-httpclientextensions", "dvelop-sdk-httpclientextensions", "{E68460C3-D2C3-496B-B265-083BD281D563}"
EndProject
Project("{9A19103F-16F7-4668-BE54-9A1E7A4F7556}") = "HttpClientExtensions.UnitTest", "dvelop-sdk-httpclientextensions\HttpClientExtensions.UnitTest\HttpClientExtensions.UnitTest.csproj", "{A90561D6-662B-4D0A-A2C2-C58CD1B07AE7}"
	ProjectSection(ProjectDependencies) = postProject
		{C4BD4C67-FD27-4EBF-9CC8-8F57BF9F8093} = {C4BD4C67-FD27-4EBF-9CC8-8F57BF9F8093}
	EndProjectSection
EndProject
Project("{2150E333-8FDC-42A3-9474-1A3956D46DE8}") = "dvelop-sdk-logging", "dvelop-sdk-logging", "{2D132120-C170-4A76-9F1E-0933D731FF14}"
EndProject
Project("{9A19103F-16F7-4668-BE54-9A1E7A4F7556}") = "Logging.Abstractions", "dvelop-sdk-logging\Logging.Abstractions\Logging.Abstractions.csproj", "{515ACCA1-CD62-4664-90F8-E79E82CD2E4F}"
EndProject
Project("{9A19103F-16F7-4668-BE54-9A1E7A4F7556}") = "Logging.OtelJsonConsole", "dvelop-sdk-logging\Logging.OtelJsonConsole\Logging.OtelJsonConsole.csproj", "{0D10264B-EE91-4CE0-B50F-B3115C5DEB79}"
EndProject
Project("{2150E333-8FDC-42A3-9474-1A3956D46DE8}") = "dvelop-sdk-dash", "dvelop-sdk-dash", "{B13E82B5-0C1F-48D6-83E5-5430F84154BA}"
EndProject
Project("{9A19103F-16F7-4668-BE54-9A1E7A4F7556}") = "DashboardDtos", "dvelop-sdk-dash\DashboardDtos\DashboardDtos.csproj", "{5EEA5C21-2CE7-42C3-8FB7-188571CAA8C6}"
EndProject
Global
	GlobalSection(SolutionConfigurationPlatforms) = preSolution
		Debug|Any CPU = Debug|Any CPU
		Release|Any CPU = Release|Any CPU
	EndGlobalSection
	GlobalSection(ProjectConfigurationPlatforms) = postSolution
		{424EF82A-3128-4678-94B6-D8C94F70141F}.Debug|Any CPU.ActiveCfg = Debug|Any CPU
		{424EF82A-3128-4678-94B6-D8C94F70141F}.Debug|Any CPU.Build.0 = Debug|Any CPU
		{424EF82A-3128-4678-94B6-D8C94F70141F}.Release|Any CPU.ActiveCfg = Release|Any CPU
		{424EF82A-3128-4678-94B6-D8C94F70141F}.Release|Any CPU.Build.0 = Release|Any CPU
		{BFC9D26F-9D3B-4729-A6B9-F654848C3ADC}.Debug|Any CPU.ActiveCfg = Debug|Any CPU
		{BFC9D26F-9D3B-4729-A6B9-F654848C3ADC}.Debug|Any CPU.Build.0 = Debug|Any CPU
		{BFC9D26F-9D3B-4729-A6B9-F654848C3ADC}.Release|Any CPU.ActiveCfg = Release|Any CPU
		{BFC9D26F-9D3B-4729-A6B9-F654848C3ADC}.Release|Any CPU.Build.0 = Release|Any CPU
		{26B337F8-A71A-4F70-B3CD-E53251F63539}.Debug|Any CPU.ActiveCfg = Debug|Any CPU
		{26B337F8-A71A-4F70-B3CD-E53251F63539}.Debug|Any CPU.Build.0 = Debug|Any CPU
		{26B337F8-A71A-4F70-B3CD-E53251F63539}.Release|Any CPU.ActiveCfg = Release|Any CPU
		{26B337F8-A71A-4F70-B3CD-E53251F63539}.Release|Any CPU.Build.0 = Release|Any CPU
		{FEB1232C-C976-4E7E-9792-7EB78FCFBAAF}.Debug|Any CPU.ActiveCfg = Debug|Any CPU
		{FEB1232C-C976-4E7E-9792-7EB78FCFBAAF}.Debug|Any CPU.Build.0 = Debug|Any CPU
		{FEB1232C-C976-4E7E-9792-7EB78FCFBAAF}.Release|Any CPU.ActiveCfg = Release|Any CPU
		{FEB1232C-C976-4E7E-9792-7EB78FCFBAAF}.Release|Any CPU.Build.0 = Release|Any CPU
		{FD69FF55-33C3-4EE3-8230-697A59439029}.Debug|Any CPU.ActiveCfg = Debug|Any CPU
		{FD69FF55-33C3-4EE3-8230-697A59439029}.Debug|Any CPU.Build.0 = Debug|Any CPU
		{FD69FF55-33C3-4EE3-8230-697A59439029}.Release|Any CPU.ActiveCfg = Release|Any CPU
		{FD69FF55-33C3-4EE3-8230-697A59439029}.Release|Any CPU.Build.0 = Release|Any CPU
		{748C3C4B-4230-4A09-A478-4141CC9CEBD8}.Debug|Any CPU.ActiveCfg = Debug|Any CPU
		{748C3C4B-4230-4A09-A478-4141CC9CEBD8}.Debug|Any CPU.Build.0 = Debug|Any CPU
		{748C3C4B-4230-4A09-A478-4141CC9CEBD8}.Release|Any CPU.ActiveCfg = Release|Any CPU
		{748C3C4B-4230-4A09-A478-4141CC9CEBD8}.Release|Any CPU.Build.0 = Release|Any CPU
		{DC75E76E-24B2-464A-BD00-FE3FD9BE6E5C}.Debug|Any CPU.ActiveCfg = Debug|Any CPU
		{DC75E76E-24B2-464A-BD00-FE3FD9BE6E5C}.Debug|Any CPU.Build.0 = Debug|Any CPU
		{DC75E76E-24B2-464A-BD00-FE3FD9BE6E5C}.Release|Any CPU.ActiveCfg = Release|Any CPU
		{DC75E76E-24B2-464A-BD00-FE3FD9BE6E5C}.Release|Any CPU.Build.0 = Release|Any CPU
		{7DE4122C-9912-4873-9282-EAB61813A206}.Debug|Any CPU.ActiveCfg = Debug|Any CPU
		{7DE4122C-9912-4873-9282-EAB61813A206}.Debug|Any CPU.Build.0 = Debug|Any CPU
		{7DE4122C-9912-4873-9282-EAB61813A206}.Release|Any CPU.ActiveCfg = Release|Any CPU
		{7DE4122C-9912-4873-9282-EAB61813A206}.Release|Any CPU.Build.0 = Release|Any CPU
		{E7ABBF92-ACFB-4B74-ACE0-771CD598BE66}.Debug|Any CPU.ActiveCfg = Debug|Any CPU
		{E7ABBF92-ACFB-4B74-ACE0-771CD598BE66}.Debug|Any CPU.Build.0 = Debug|Any CPU
		{E7ABBF92-ACFB-4B74-ACE0-771CD598BE66}.Release|Any CPU.ActiveCfg = Release|Any CPU
		{E7ABBF92-ACFB-4B74-ACE0-771CD598BE66}.Release|Any CPU.Build.0 = Release|Any CPU
		{CE1AAD0D-7893-4180-ACB6-017880225D42}.Debug|Any CPU.ActiveCfg = Debug|Any CPU
		{CE1AAD0D-7893-4180-ACB6-017880225D42}.Debug|Any CPU.Build.0 = Debug|Any CPU
		{CE1AAD0D-7893-4180-ACB6-017880225D42}.Release|Any CPU.ActiveCfg = Release|Any CPU
		{CE1AAD0D-7893-4180-ACB6-017880225D42}.Release|Any CPU.Build.0 = Release|Any CPU
		{37584BC8-4E87-4CF6-8835-A0F1652ED5A4}.Debug|Any CPU.ActiveCfg = Debug|Any CPU
		{37584BC8-4E87-4CF6-8835-A0F1652ED5A4}.Debug|Any CPU.Build.0 = Debug|Any CPU
		{37584BC8-4E87-4CF6-8835-A0F1652ED5A4}.Release|Any CPU.ActiveCfg = Release|Any CPU
		{37584BC8-4E87-4CF6-8835-A0F1652ED5A4}.Release|Any CPU.Build.0 = Release|Any CPU
		{C4BD4C67-FD27-4EBF-9CC8-8F57BF9F8093}.Debug|Any CPU.ActiveCfg = Debug|Any CPU
		{C4BD4C67-FD27-4EBF-9CC8-8F57BF9F8093}.Debug|Any CPU.Build.0 = Debug|Any CPU
		{C4BD4C67-FD27-4EBF-9CC8-8F57BF9F8093}.Release|Any CPU.ActiveCfg = Release|Any CPU
		{C4BD4C67-FD27-4EBF-9CC8-8F57BF9F8093}.Release|Any CPU.Build.0 = Release|Any CPU
		{97C9A704-9406-457D-9B36-F153082F80A2}.Debug|Any CPU.ActiveCfg = Debug|Any CPU
		{97C9A704-9406-457D-9B36-F153082F80A2}.Debug|Any CPU.Build.0 = Debug|Any CPU
		{97C9A704-9406-457D-9B36-F153082F80A2}.Release|Any CPU.ActiveCfg = Release|Any CPU
		{97C9A704-9406-457D-9B36-F153082F80A2}.Release|Any CPU.Build.0 = Release|Any CPU
		{05D66A40-3623-43A8-8E15-E2925A05BA35}.Debug|Any CPU.ActiveCfg = Debug|Any CPU
		{05D66A40-3623-43A8-8E15-E2925A05BA35}.Debug|Any CPU.Build.0 = Debug|Any CPU
		{05D66A40-3623-43A8-8E15-E2925A05BA35}.Release|Any CPU.ActiveCfg = Release|Any CPU
		{05D66A40-3623-43A8-8E15-E2925A05BA35}.Release|Any CPU.Build.0 = Release|Any CPU
		{5BB555EE-94D2-4A7D-BFCF-28F8275EF3C4}.Debug|Any CPU.ActiveCfg = Debug|Any CPU
		{5BB555EE-94D2-4A7D-BFCF-28F8275EF3C4}.Debug|Any CPU.Build.0 = Debug|Any CPU
		{5BB555EE-94D2-4A7D-BFCF-28F8275EF3C4}.Release|Any CPU.ActiveCfg = Release|Any CPU
		{5BB555EE-94D2-4A7D-BFCF-28F8275EF3C4}.Release|Any CPU.Build.0 = Release|Any CPU
		{D08E3179-5021-421E-AA65-42CB35B0DAA4}.Debug|Any CPU.ActiveCfg = Debug|Any CPU
		{D08E3179-5021-421E-AA65-42CB35B0DAA4}.Debug|Any CPU.Build.0 = Debug|Any CPU
		{D08E3179-5021-421E-AA65-42CB35B0DAA4}.Release|Any CPU.ActiveCfg = Release|Any CPU
		{D08E3179-5021-421E-AA65-42CB35B0DAA4}.Release|Any CPU.Build.0 = Release|Any CPU
		{A90561D6-662B-4D0A-A2C2-C58CD1B07AE7}.Debug|Any CPU.ActiveCfg = Debug|Any CPU
		{A90561D6-662B-4D0A-A2C2-C58CD1B07AE7}.Debug|Any CPU.Build.0 = Debug|Any CPU
		{A90561D6-662B-4D0A-A2C2-C58CD1B07AE7}.Release|Any CPU.ActiveCfg = Release|Any CPU
		{A90561D6-662B-4D0A-A2C2-C58CD1B07AE7}.Release|Any CPU.Build.0 = Release|Any CPU
		{515ACCA1-CD62-4664-90F8-E79E82CD2E4F}.Debug|Any CPU.ActiveCfg = Debug|Any CPU
		{515ACCA1-CD62-4664-90F8-E79E82CD2E4F}.Debug|Any CPU.Build.0 = Debug|Any CPU
		{515ACCA1-CD62-4664-90F8-E79E82CD2E4F}.Release|Any CPU.ActiveCfg = Release|Any CPU
		{515ACCA1-CD62-4664-90F8-E79E82CD2E4F}.Release|Any CPU.Build.0 = Release|Any CPU
		{0D10264B-EE91-4CE0-B50F-B3115C5DEB79}.Debug|Any CPU.ActiveCfg = Debug|Any CPU
		{0D10264B-EE91-4CE0-B50F-B3115C5DEB79}.Debug|Any CPU.Build.0 = Debug|Any CPU
		{0D10264B-EE91-4CE0-B50F-B3115C5DEB79}.Release|Any CPU.ActiveCfg = Release|Any CPU
		{0D10264B-EE91-4CE0-B50F-B3115C5DEB79}.Release|Any CPU.Build.0 = Release|Any CPU
		{5EEA5C21-2CE7-42C3-8FB7-188571CAA8C6}.Debug|Any CPU.ActiveCfg = Debug|Any CPU
		{5EEA5C21-2CE7-42C3-8FB7-188571CAA8C6}.Debug|Any CPU.Build.0 = Debug|Any CPU
		{5EEA5C21-2CE7-42C3-8FB7-188571CAA8C6}.Release|Any CPU.ActiveCfg = Release|Any CPU
		{5EEA5C21-2CE7-42C3-8FB7-188571CAA8C6}.Release|Any CPU.Build.0 = Release|Any CPU
	EndGlobalSection
	GlobalSection(SolutionProperties) = preSolution
		HideSolutionNode = FALSE
	EndGlobalSection
	GlobalSection(NestedProjects) = preSolution
		{424EF82A-3128-4678-94B6-D8C94F70141F} = {D65EB178-40EE-4186-8BA9-EE973CD22A11}
		{BFC9D26F-9D3B-4729-A6B9-F654848C3ADC} = {D65EB178-40EE-4186-8BA9-EE973CD22A11}
		{26B337F8-A71A-4F70-B3CD-E53251F63539} = {D6C592F6-75BA-4B88-BDFF-DD3F3B59C437}
		{FEB1232C-C976-4E7E-9792-7EB78FCFBAAF} = {7DE66CAF-5879-447A-B24A-D028B850930D}
		{FD69FF55-33C3-4EE3-8230-697A59439029} = {F992A8F0-E3DA-4ABF-9817-7663F66852EB}
		{748C3C4B-4230-4A09-A478-4141CC9CEBD8} = {B85EB925-208C-4FD6-BC8A-7F3652533DA0}
		{DC75E76E-24B2-464A-BD00-FE3FD9BE6E5C} = {FCF090E3-7025-463B-A453-A8501538F4CB}
		{7DE4122C-9912-4873-9282-EAB61813A206} = {FCF090E3-7025-463B-A453-A8501538F4CB}
		{E7ABBF92-ACFB-4B74-ACE0-771CD598BE66} = {FCF090E3-7025-463B-A453-A8501538F4CB}
		{CE1AAD0D-7893-4180-ACB6-017880225D42} = {FCF090E3-7025-463B-A453-A8501538F4CB}
		{37584BC8-4E87-4CF6-8835-A0F1652ED5A4} = {6DC7D1A5-930C-4845-A438-036C6E34D5F0}
		{C4BD4C67-FD27-4EBF-9CC8-8F57BF9F8093} = {7711478E-8FB4-4D04-92BF-2B8793182418}
		{97C9A704-9406-457D-9B36-F153082F80A2} = {7711478E-8FB4-4D04-92BF-2B8793182418}
		{05D66A40-3623-43A8-8E15-E2925A05BA35} = {367824B2-45D8-4A8E-A252-966C9570CAD1}
		{5BB555EE-94D2-4A7D-BFCF-28F8275EF3C4} = {367824B2-45D8-4A8E-A252-966C9570CAD1}
		{D08E3179-5021-421E-AA65-42CB35B0DAA4} = {E68460C3-D2C3-496B-B265-083BD281D563}
		{A90561D6-662B-4D0A-A2C2-C58CD1B07AE7} = {E68460C3-D2C3-496B-B265-083BD281D563}
		{515ACCA1-CD62-4664-90F8-E79E82CD2E4F} = {2D132120-C170-4A76-9F1E-0933D731FF14}
		{0D10264B-EE91-4CE0-B50F-B3115C5DEB79} = {2D132120-C170-4A76-9F1E-0933D731FF14}
		{5EEA5C21-2CE7-42C3-8FB7-188571CAA8C6} = {B13E82B5-0C1F-48D6-83E5-5430F84154BA}
	EndGlobalSection
	GlobalSection(ExtensibilityGlobals) = postSolution
		SolutionGuid = {DE71353A-0FC5-4E2E-9DB1-4E09961F1201}
	EndGlobalSection
EndGlobal
